// !$*UTF8*$!
{
	archiveVersion = 1;
	classes = {
	};
	objectVersion = 48;
	objects = {

/* Begin PBXBuildFile section */
		1FCDBF1264EBF82DE687D403 /* Pods_FlickerImageAppTests.framework in Frameworks */ = {isa = PBXBuildFile; fileRef = 6A159F5FC5F4E61330D549F6 /* Pods_FlickerImageAppTests.framework */; };
		5F63FD3BFE979858B72A4AA8 /* Pods_FlickerImageApp.framework in Frameworks */ = {isa = PBXBuildFile; fileRef = 027112B02C4F87248843C5ED /* Pods_FlickerImageApp.framework */; };
		B81C7C73FF57C5656B2413E4 /* Pods_FlickerImageAppUITests.framework in Frameworks */ = {isa = PBXBuildFile; fileRef = C13BE25E9F410F01D288CCF6 /* Pods_FlickerImageAppUITests.framework */; };
		FC48022420EF4F54003BC542 /* FlickerImageAppUITests.swift in Sources */ = {isa = PBXBuildFile; fileRef = FC48022320EF4F54003BC542 /* FlickerImageAppUITests.swift */; };
		FC60C61E20E4B882000733AA /* ImageCell.swift in Sources */ = {isa = PBXBuildFile; fileRef = FC60C61C20E4B882000733AA /* ImageCell.swift */; };
		FC60C61F20E4B882000733AA /* ImageCell.xib in Resources */ = {isa = PBXBuildFile; fileRef = FC60C61D20E4B882000733AA /* ImageCell.xib */; };
		FC60C75720E4CD66000733AA /* NetworkHelper.swift in Sources */ = {isa = PBXBuildFile; fileRef = FC60C75620E4CD66000733AA /* NetworkHelper.swift */; };
		FC8964CF20E75FF8006DDFFF /* RootViewModel.swift in Sources */ = {isa = PBXBuildFile; fileRef = FC8964CE20E75FF8006DDFFF /* RootViewModel.swift */; };
		FC8964D120E762E6006DDFFF /* ImageDataModel.swift in Sources */ = {isa = PBXBuildFile; fileRef = FC8964D020E762E6006DDFFF /* ImageDataModel.swift */; };
		FCC37E7C20E23CEB0047E782 /* AppDelegate.swift in Sources */ = {isa = PBXBuildFile; fileRef = FCC37E7B20E23CEB0047E782 /* AppDelegate.swift */; };
		FCC37E7E20E23CEB0047E782 /* RootViewController.swift in Sources */ = {isa = PBXBuildFile; fileRef = FCC37E7D20E23CEB0047E782 /* RootViewController.swift */; };
		FCC37E8120E23CEB0047E782 /* Main.storyboard in Resources */ = {isa = PBXBuildFile; fileRef = FCC37E7F20E23CEB0047E782 /* Main.storyboard */; };
		FCC37E8320E23CEB0047E782 /* Assets.xcassets in Resources */ = {isa = PBXBuildFile; fileRef = FCC37E8220E23CEB0047E782 /* Assets.xcassets */; };
		FCC37E8620E23CEB0047E782 /* LaunchScreen.storyboard in Resources */ = {isa = PBXBuildFile; fileRef = FCC37E8420E23CEB0047E782 /* LaunchScreen.storyboard */; };
		FCC37E9120E23CEC0047E782 /* FlickerImageAppTests.swift in Sources */ = {isa = PBXBuildFile; fileRef = FCC37E9020E23CEC0047E782 /* FlickerImageAppTests.swift */; };
/* End PBXBuildFile section */

/* Begin PBXContainerItemProxy section */
		FC48022620EF4F54003BC542 /* PBXContainerItemProxy */ = {
			isa = PBXContainerItemProxy;
			containerPortal = FCC37E7020E23CEB0047E782 /* Project object */;
			proxyType = 1;
			remoteGlobalIDString = FCC37E7720E23CEB0047E782;
			remoteInfo = FlickerImageApp;
		};
		FCC37E8D20E23CEC0047E782 /* PBXContainerItemProxy */ = {
			isa = PBXContainerItemProxy;
			containerPortal = FCC37E7020E23CEB0047E782 /* Project object */;
			proxyType = 1;
			remoteGlobalIDString = FCC37E7720E23CEB0047E782;
			remoteInfo = FlickerImageApp;
		};
/* End PBXContainerItemProxy section */

/* Begin PBXFileReference section */
		027112B02C4F87248843C5ED /* Pods_FlickerImageApp.framework */ = {isa = PBXFileReference; explicitFileType = wrapper.framework; includeInIndex = 0; path = Pods_FlickerImageApp.framework; sourceTree = BUILT_PRODUCTS_DIR; };
		1EE372EBBAE687D0781B8DE1 /* Pods-FlickerImageApp.release.xcconfig */ = {isa = PBXFileReference; includeInIndex = 1; lastKnownFileType = text.xcconfig; name = "Pods-FlickerImageApp.release.xcconfig"; path = "Pods/Target Support Files/Pods-FlickerImageApp/Pods-FlickerImageApp.release.xcconfig"; sourceTree = "<group>"; };
		4CC6DBE568465A5FFEF17843 /* Pods-FlickerImageAppUITests.release.xcconfig */ = {isa = PBXFileReference; includeInIndex = 1; lastKnownFileType = text.xcconfig; name = "Pods-FlickerImageAppUITests.release.xcconfig"; path = "Pods/Target Support Files/Pods-FlickerImageAppUITests/Pods-FlickerImageAppUITests.release.xcconfig"; sourceTree = "<group>"; };
		6A159F5FC5F4E61330D549F6 /* Pods_FlickerImageAppTests.framework */ = {isa = PBXFileReference; explicitFileType = wrapper.framework; includeInIndex = 0; path = Pods_FlickerImageAppTests.framework; sourceTree = BUILT_PRODUCTS_DIR; };
		7D9E04082E9EEDBB87F9E757 /* Pods-FlickerImageAppUITests.debug.xcconfig */ = {isa = PBXFileReference; includeInIndex = 1; lastKnownFileType = text.xcconfig; name = "Pods-FlickerImageAppUITests.debug.xcconfig"; path = "Pods/Target Support Files/Pods-FlickerImageAppUITests/Pods-FlickerImageAppUITests.debug.xcconfig"; sourceTree = "<group>"; };
		A7909E632A34BDC6B0E5D407 /* Pods-FlickerImageAppTests.debug.xcconfig */ = {isa = PBXFileReference; includeInIndex = 1; lastKnownFileType = text.xcconfig; name = "Pods-FlickerImageAppTests.debug.xcconfig"; path = "Pods/Target Support Files/Pods-FlickerImageAppTests/Pods-FlickerImageAppTests.debug.xcconfig"; sourceTree = "<group>"; };
		BF3D96EDFC522D96B3A5118B /* Pods-FlickerImageAppTests.release.xcconfig */ = {isa = PBXFileReference; includeInIndex = 1; lastKnownFileType = text.xcconfig; name = "Pods-FlickerImageAppTests.release.xcconfig"; path = "Pods/Target Support Files/Pods-FlickerImageAppTests/Pods-FlickerImageAppTests.release.xcconfig"; sourceTree = "<group>"; };
		C13BE25E9F410F01D288CCF6 /* Pods_FlickerImageAppUITests.framework */ = {isa = PBXFileReference; explicitFileType = wrapper.framework; includeInIndex = 0; path = Pods_FlickerImageAppUITests.framework; sourceTree = BUILT_PRODUCTS_DIR; };
		D7384471B9D69CE0E22E3C7F /* Pods-FlickerImageApp.debug.xcconfig */ = {isa = PBXFileReference; includeInIndex = 1; lastKnownFileType = text.xcconfig; name = "Pods-FlickerImageApp.debug.xcconfig"; path = "Pods/Target Support Files/Pods-FlickerImageApp/Pods-FlickerImageApp.debug.xcconfig"; sourceTree = "<group>"; };
		FC48022120EF4F53003BC542 /* FlickerImageAppUITests.xctest */ = {isa = PBXFileReference; explicitFileType = wrapper.cfbundle; includeInIndex = 0; path = FlickerImageAppUITests.xctest; sourceTree = BUILT_PRODUCTS_DIR; };
		FC48022320EF4F54003BC542 /* FlickerImageAppUITests.swift */ = {isa = PBXFileReference; lastKnownFileType = sourcecode.swift; path = FlickerImageAppUITests.swift; sourceTree = "<group>"; };
		FC48022520EF4F54003BC542 /* Info.plist */ = {isa = PBXFileReference; lastKnownFileType = text.plist.xml; path = Info.plist; sourceTree = "<group>"; };
		FC60C61C20E4B882000733AA /* ImageCell.swift */ = {isa = PBXFileReference; lastKnownFileType = sourcecode.swift; path = ImageCell.swift; sourceTree = "<group>"; };
		FC60C61D20E4B882000733AA /* ImageCell.xib */ = {isa = PBXFileReference; lastKnownFileType = file.xib; path = ImageCell.xib; sourceTree = "<group>"; };
		FC60C75620E4CD66000733AA /* NetworkHelper.swift */ = {isa = PBXFileReference; lastKnownFileType = sourcecode.swift; path = NetworkHelper.swift; sourceTree = "<group>"; };
		FC8964CE20E75FF8006DDFFF /* RootViewModel.swift */ = {isa = PBXFileReference; lastKnownFileType = sourcecode.swift; path = RootViewModel.swift; sourceTree = "<group>"; };
		FC8964D020E762E6006DDFFF /* ImageDataModel.swift */ = {isa = PBXFileReference; lastKnownFileType = sourcecode.swift; path = ImageDataModel.swift; sourceTree = "<group>"; };
		FCC37E7820E23CEB0047E782 /* FlickerImageApp.app */ = {isa = PBXFileReference; explicitFileType = wrapper.application; includeInIndex = 0; path = FlickerImageApp.app; sourceTree = BUILT_PRODUCTS_DIR; };
		FCC37E7B20E23CEB0047E782 /* AppDelegate.swift */ = {isa = PBXFileReference; lastKnownFileType = sourcecode.swift; path = AppDelegate.swift; sourceTree = "<group>"; };
		FCC37E7D20E23CEB0047E782 /* RootViewController.swift */ = {isa = PBXFileReference; lastKnownFileType = sourcecode.swift; path = RootViewController.swift; sourceTree = "<group>"; };
		FCC37E8020E23CEB0047E782 /* Base */ = {isa = PBXFileReference; lastKnownFileType = file.storyboard; name = Base; path = Base.lproj/Main.storyboard; sourceTree = "<group>"; };
		FCC37E8220E23CEB0047E782 /* Assets.xcassets */ = {isa = PBXFileReference; lastKnownFileType = folder.assetcatalog; path = Assets.xcassets; sourceTree = "<group>"; };
		FCC37E8520E23CEB0047E782 /* Base */ = {isa = PBXFileReference; lastKnownFileType = file.storyboard; name = Base; path = Base.lproj/LaunchScreen.storyboard; sourceTree = "<group>"; };
		FCC37E8720E23CEB0047E782 /* Info.plist */ = {isa = PBXFileReference; lastKnownFileType = text.plist.xml; path = Info.plist; sourceTree = "<group>"; };
		FCC37E8C20E23CEC0047E782 /* FlickerImageAppTests.xctest */ = {isa = PBXFileReference; explicitFileType = wrapper.cfbundle; includeInIndex = 0; path = FlickerImageAppTests.xctest; sourceTree = BUILT_PRODUCTS_DIR; };
		FCC37E9020E23CEC0047E782 /* FlickerImageAppTests.swift */ = {isa = PBXFileReference; lastKnownFileType = sourcecode.swift; path = FlickerImageAppTests.swift; sourceTree = "<group>"; };
		FCC37E9220E23CEC0047E782 /* Info.plist */ = {isa = PBXFileReference; lastKnownFileType = text.plist.xml; path = Info.plist; sourceTree = "<group>"; };
/* End PBXFileReference section */

/* Begin PBXFrameworksBuildPhase section */
		FC48021E20EF4F53003BC542 /* Frameworks */ = {
			isa = PBXFrameworksBuildPhase;
			buildActionMask = 2147483647;
			files = (
				B81C7C73FF57C5656B2413E4 /* Pods_FlickerImageAppUITests.framework in Frameworks */,
			);
			runOnlyForDeploymentPostprocessing = 0;
		};
		FCC37E7520E23CEB0047E782 /* Frameworks */ = {
			isa = PBXFrameworksBuildPhase;
			buildActionMask = 2147483647;
			files = (
				5F63FD3BFE979858B72A4AA8 /* Pods_FlickerImageApp.framework in Frameworks */,
			);
			runOnlyForDeploymentPostprocessing = 0;
		};
		FCC37E8920E23CEC0047E782 /* Frameworks */ = {
			isa = PBXFrameworksBuildPhase;
			buildActionMask = 2147483647;
			files = (
				1FCDBF1264EBF82DE687D403 /* Pods_FlickerImageAppTests.framework in Frameworks */,
			);
			runOnlyForDeploymentPostprocessing = 0;
		};
/* End PBXFrameworksBuildPhase section */

/* Begin PBXGroup section */
		90554DBE5C4D3C542FF8183E /* Frameworks */ = {
			isa = PBXGroup;
			children = (
				027112B02C4F87248843C5ED /* Pods_FlickerImageApp.framework */,
				6A159F5FC5F4E61330D549F6 /* Pods_FlickerImageAppTests.framework */,
				C13BE25E9F410F01D288CCF6 /* Pods_FlickerImageAppUITests.framework */,
			);
			name = Frameworks;
			sourceTree = "<group>";
		};
		F90B6AD81D54A344D58CB163 /* Pods */ = {
			isa = PBXGroup;
			children = (
				D7384471B9D69CE0E22E3C7F /* Pods-FlickerImageApp.debug.xcconfig */,
				1EE372EBBAE687D0781B8DE1 /* Pods-FlickerImageApp.release.xcconfig */,
				A7909E632A34BDC6B0E5D407 /* Pods-FlickerImageAppTests.debug.xcconfig */,
				BF3D96EDFC522D96B3A5118B /* Pods-FlickerImageAppTests.release.xcconfig */,
				7D9E04082E9EEDBB87F9E757 /* Pods-FlickerImageAppUITests.debug.xcconfig */,
				4CC6DBE568465A5FFEF17843 /* Pods-FlickerImageAppUITests.release.xcconfig */,
			);
			name = Pods;
			sourceTree = "<group>";
		};
		FC48022220EF4F54003BC542 /* FlickerImageAppUITests */ = {
			isa = PBXGroup;
			children = (
				FC48022320EF4F54003BC542 /* FlickerImageAppUITests.swift */,
				FC48022520EF4F54003BC542 /* Info.plist */,
			);
			path = FlickerImageAppUITests;
			sourceTree = "<group>";
		};
		FC60C61B20E4B808000733AA /* cell */ = {
			isa = PBXGroup;
			children = (
				FC60C61C20E4B882000733AA /* ImageCell.swift */,
				FC60C61D20E4B882000733AA /* ImageCell.xib */,
			);
			path = cell;
			sourceTree = "<group>";
		};
		FC60C75520E4CD53000733AA /* Network */ = {
			isa = PBXGroup;
			children = (
				FC60C75620E4CD66000733AA /* NetworkHelper.swift */,
			);
			path = Network;
			sourceTree = "<group>";
		};
		FC8964CC20E75FAD006DDFFF /* ViewModel */ = {
			isa = PBXGroup;
			children = (
				FC8964CE20E75FF8006DDFFF /* RootViewModel.swift */,
			);
			path = ViewModel;
			sourceTree = "<group>";
		};
		FC8964CD20E75FC2006DDFFF /* DataModel */ = {
			isa = PBXGroup;
			children = (
				FC8964D020E762E6006DDFFF /* ImageDataModel.swift */,
			);
			path = DataModel;
			sourceTree = "<group>";
		};
		FCC37E6F20E23CEB0047E782 = {
			isa = PBXGroup;
			children = (
				FCC37E7A20E23CEB0047E782 /* FlickerImageApp */,
				FCC37E8F20E23CEC0047E782 /* FlickerImageAppTests */,
				FC48022220EF4F54003BC542 /* FlickerImageAppUITests */,
				FCC37E7920E23CEB0047E782 /* Products */,
				F90B6AD81D54A344D58CB163 /* Pods */,
				90554DBE5C4D3C542FF8183E /* Frameworks */,
			);
			sourceTree = "<group>";
		};
		FCC37E7920E23CEB0047E782 /* Products */ = {
			isa = PBXGroup;
			children = (
				FCC37E7820E23CEB0047E782 /* FlickerImageApp.app */,
				FCC37E8C20E23CEC0047E782 /* FlickerImageAppTests.xctest */,
				FC48022120EF4F53003BC542 /* FlickerImageAppUITests.xctest */,
			);
			name = Products;
			sourceTree = "<group>";
		};
		FCC37E7A20E23CEB0047E782 /* FlickerImageApp */ = {
			isa = PBXGroup;
			children = (
				FC8964CD20E75FC2006DDFFF /* DataModel */,
				FC8964CC20E75FAD006DDFFF /* ViewModel */,
				FC60C75520E4CD53000733AA /* Network */,
				FC60C61B20E4B808000733AA /* cell */,
				FCC37E7B20E23CEB0047E782 /* AppDelegate.swift */,
				FCC37E7D20E23CEB0047E782 /* RootViewController.swift */,
				FCC37E7F20E23CEB0047E782 /* Main.storyboard */,
				FCC37E8220E23CEB0047E782 /* Assets.xcassets */,
				FCC37E8420E23CEB0047E782 /* LaunchScreen.storyboard */,
				FCC37E8720E23CEB0047E782 /* Info.plist */,
			);
			path = FlickerImageApp;
			sourceTree = "<group>";
		};
		FCC37E8F20E23CEC0047E782 /* FlickerImageAppTests */ = {
			isa = PBXGroup;
			children = (
				FCC37E9020E23CEC0047E782 /* FlickerImageAppTests.swift */,
				FCC37E9220E23CEC0047E782 /* Info.plist */,
			);
			path = FlickerImageAppTests;
			sourceTree = "<group>";
		};
/* End PBXGroup section */

/* Begin PBXNativeTarget section */
		FC48022020EF4F53003BC542 /* FlickerImageAppUITests */ = {
			isa = PBXNativeTarget;
			buildConfigurationList = FC48022A20EF4F54003BC542 /* Build configuration list for PBXNativeTarget "FlickerImageAppUITests" */;
			buildPhases = (
				2B938975423242D1479913DD /* [CP] Check Pods Manifest.lock */,
				FC48021D20EF4F53003BC542 /* Sources */,
				FC48021E20EF4F53003BC542 /* Frameworks */,
				FC48021F20EF4F53003BC542 /* Resources */,
				C0DA3EEA612F43359047D1A7 /* [CP] Embed Pods Frameworks */,
			);
			buildRules = (
			);
			dependencies = (
				FC48022720EF4F54003BC542 /* PBXTargetDependency */,
			);
			name = FlickerImageAppUITests;
			productName = FlickerImageAppUITests;
			productReference = FC48022120EF4F53003BC542 /* FlickerImageAppUITests.xctest */;
			productType = "com.apple.product-type.bundle.ui-testing";
		};
		FCC37E7720E23CEB0047E782 /* FlickerImageApp */ = {
			isa = PBXNativeTarget;
			buildConfigurationList = FCC37E9520E23CEC0047E782 /* Build configuration list for PBXNativeTarget "FlickerImageApp" */;
			buildPhases = (
				C9C32497B985EB3CC0D8E855 /* [CP] Check Pods Manifest.lock */,
				FCC37E7420E23CEB0047E782 /* Sources */,
				FCC37E7520E23CEB0047E782 /* Frameworks */,
				FCC37E7620E23CEB0047E782 /* Resources */,
			);
			buildRules = (
			);
			dependencies = (
			);
			name = FlickerImageApp;
			productName = FlickerImageApp;
			productReference = FCC37E7820E23CEB0047E782 /* FlickerImageApp.app */;
			productType = "com.apple.product-type.application";
		};
		FCC37E8B20E23CEC0047E782 /* FlickerImageAppTests */ = {
			isa = PBXNativeTarget;
			buildConfigurationList = FCC37E9820E23CEC0047E782 /* Build configuration list for PBXNativeTarget "FlickerImageAppTests" */;
			buildPhases = (
				1FAB1F81C9BEC83753088C85 /* [CP] Check Pods Manifest.lock */,
				FCC37E8820E23CEC0047E782 /* Sources */,
				FCC37E8920E23CEC0047E782 /* Frameworks */,
				FCC37E8A20E23CEC0047E782 /* Resources */,
			);
			buildRules = (
			);
			dependencies = (
				FCC37E8E20E23CEC0047E782 /* PBXTargetDependency */,
			);
			name = FlickerImageAppTests;
			productName = FlickerImageAppTests;
			productReference = FCC37E8C20E23CEC0047E782 /* FlickerImageAppTests.xctest */;
			productType = "com.apple.product-type.bundle.unit-test";
		};
/* End PBXNativeTarget section */

/* Begin PBXProject section */
		FCC37E7020E23CEB0047E782 /* Project object */ = {
			isa = PBXProject;
			attributes = {
				LastSwiftUpdateCheck = 0920;
				LastUpgradeCheck = 0920;
				ORGANIZATIONNAME = Rahul;
				TargetAttributes = {
					FC48022020EF4F53003BC542 = {
						CreatedOnToolsVersion = 9.2;
						ProvisioningStyle = Automatic;
						TestTargetID = FCC37E7720E23CEB0047E782;
					};
					FCC37E7720E23CEB0047E782 = {
						CreatedOnToolsVersion = 9.2;
						ProvisioningStyle = Automatic;
					};
					FCC37E8B20E23CEC0047E782 = {
						CreatedOnToolsVersion = 9.2;
						ProvisioningStyle = Automatic;
						TestTargetID = FCC37E7720E23CEB0047E782;
					};
				};
			};
			buildConfigurationList = FCC37E7320E23CEB0047E782 /* Build configuration list for PBXProject "FlickerImageApp" */;
			compatibilityVersion = "Xcode 8.0";
			developmentRegion = en;
			hasScannedForEncodings = 0;
			knownRegions = (
				en,
				Base,
			);
			mainGroup = FCC37E6F20E23CEB0047E782;
			productRefGroup = FCC37E7920E23CEB0047E782 /* Products */;
			projectDirPath = "";
			projectRoot = "";
			targets = (
				FCC37E7720E23CEB0047E782 /* FlickerImageApp */,
				FCC37E8B20E23CEC0047E782 /* FlickerImageAppTests */,
				FC48022020EF4F53003BC542 /* FlickerImageAppUITests */,
			);
		};
/* End PBXProject section */

/* Begin PBXResourcesBuildPhase section */
		FC48021F20EF4F53003BC542 /* Resources */ = {
			isa = PBXResourcesBuildPhase;
			buildActionMask = 2147483647;
			files = (
			);
			runOnlyForDeploymentPostprocessing = 0;
		};
		FCC37E7620E23CEB0047E782 /* Resources */ = {
			isa = PBXResourcesBuildPhase;
			buildActionMask = 2147483647;
			files = (
				FCC37E8620E23CEB0047E782 /* LaunchScreen.storyboard in Resources */,
				FC60C61F20E4B882000733AA /* ImageCell.xib in Resources */,
				FCC37E8320E23CEB0047E782 /* Assets.xcassets in Resources */,
				FCC37E8120E23CEB0047E782 /* Main.storyboard in Resources */,
			);
			runOnlyForDeploymentPostprocessing = 0;
		};
		FCC37E8A20E23CEC0047E782 /* Resources */ = {
			isa = PBXResourcesBuildPhase;
			buildActionMask = 2147483647;
			files = (
			);
			runOnlyForDeploymentPostprocessing = 0;
		};
/* End PBXResourcesBuildPhase section */

/* Begin PBXShellScriptBuildPhase section */
		1FAB1F81C9BEC83753088C85 /* [CP] Check Pods Manifest.lock */ = {
			isa = PBXShellScriptBuildPhase;
			buildActionMask = 2147483647;
			files = (
			);
			inputPaths = (
				"${PODS_PODFILE_DIR_PATH}/Podfile.lock",
				"${PODS_ROOT}/Manifest.lock",
			);
			name = "[CP] Check Pods Manifest.lock";
			outputPaths = (
				"$(DERIVED_FILE_DIR)/Pods-FlickerImageAppTests-checkManifestLockResult.txt",
			);
			runOnlyForDeploymentPostprocessing = 0;
			shellPath = /bin/sh;
			shellScript = "diff \"${PODS_PODFILE_DIR_PATH}/Podfile.lock\" \"${PODS_ROOT}/Manifest.lock\" > /dev/null\nif [ $? != 0 ] ; then\n    # print error to STDERR\n    echo \"error: The sandbox is not in sync with the Podfile.lock. Run 'pod install' or update your CocoaPods installation.\" >&2\n    exit 1\nfi\n# This output is used by Xcode 'outputs' to avoid re-running this script phase.\necho \"SUCCESS\" > \"${SCRIPT_OUTPUT_FILE_0}\"\n";
			showEnvVarsInLog = 0;
		};
		2B938975423242D1479913DD /* [CP] Check Pods Manifest.lock */ = {
			isa = PBXShellScriptBuildPhase;
			buildActionMask = 2147483647;
			files = (
			);
			inputPaths = (
				"${PODS_PODFILE_DIR_PATH}/Podfile.lock",
				"${PODS_ROOT}/Manifest.lock",
			);
			name = "[CP] Check Pods Manifest.lock";
			outputPaths = (
				"$(DERIVED_FILE_DIR)/Pods-FlickerImageAppUITests-checkManifestLockResult.txt",
			);
			runOnlyForDeploymentPostprocessing = 0;
			shellPath = /bin/sh;
			shellScript = "diff \"${PODS_PODFILE_DIR_PATH}/Podfile.lock\" \"${PODS_ROOT}/Manifest.lock\" > /dev/null\nif [ $? != 0 ] ; then\n    # print error to STDERR\n    echo \"error: The sandbox is not in sync with the Podfile.lock. Run 'pod install' or update your CocoaPods installation.\" >&2\n    exit 1\nfi\n# This output is used by Xcode 'outputs' to avoid re-running this script phase.\necho \"SUCCESS\" > \"${SCRIPT_OUTPUT_FILE_0}\"\n";
			showEnvVarsInLog = 0;
		};
		C0DA3EEA612F43359047D1A7 /* [CP] Embed Pods Frameworks */ = {
			isa = PBXShellScriptBuildPhase;
			buildActionMask = 2147483647;
			files = (
			);
			inputPaths = (
				"${SRCROOT}/Pods/Target Support Files/Pods-FlickerImageAppUITests/Pods-FlickerImageAppUITests-frameworks.sh",
				"${BUILT_PRODUCTS_DIR}/AppCenterXCUITestExtensions/AppCenterXCUITestExtensions.framework",
			);
			name = "[CP] Embed Pods Frameworks";
			outputPaths = (
				"${TARGET_BUILD_DIR}/${FRAMEWORKS_FOLDER_PATH}/AppCenterXCUITestExtensions.framework",
			);
			runOnlyForDeploymentPostprocessing = 0;
			shellPath = /bin/sh;
			shellScript = "\"${SRCROOT}/Pods/Target Support Files/Pods-FlickerImageAppUITests/Pods-FlickerImageAppUITests-frameworks.sh\"\n";
			showEnvVarsInLog = 0;
		};
		C9C32497B985EB3CC0D8E855 /* [CP] Check Pods Manifest.lock */ = {
			isa = PBXShellScriptBuildPhase;
			buildActionMask = 2147483647;
			files = (
			);
			inputPaths = (
				"${PODS_PODFILE_DIR_PATH}/Podfile.lock",
				"${PODS_ROOT}/Manifest.lock",
			);
			name = "[CP] Check Pods Manifest.lock";
			outputPaths = (
				"$(DERIVED_FILE_DIR)/Pods-FlickerImageApp-checkManifestLockResult.txt",
			);
			runOnlyForDeploymentPostprocessing = 0;
			shellPath = /bin/sh;
			shellScript = "diff \"${PODS_PODFILE_DIR_PATH}/Podfile.lock\" \"${PODS_ROOT}/Manifest.lock\" > /dev/null\nif [ $? != 0 ] ; then\n    # print error to STDERR\n    echo \"error: The sandbox is not in sync with the Podfile.lock. Run 'pod install' or update your CocoaPods installation.\" >&2\n    exit 1\nfi\n# This output is used by Xcode 'outputs' to avoid re-running this script phase.\necho \"SUCCESS\" > \"${SCRIPT_OUTPUT_FILE_0}\"\n";
			showEnvVarsInLog = 0;
		};
/* End PBXShellScriptBuildPhase section */

/* Begin PBXSourcesBuildPhase section */
		FC48021D20EF4F53003BC542 /* Sources */ = {
			isa = PBXSourcesBuildPhase;
			buildActionMask = 2147483647;
			files = (
				FC48022420EF4F54003BC542 /* FlickerImageAppUITests.swift in Sources */,
			);
			runOnlyForDeploymentPostprocessing = 0;
		};
		FCC37E7420E23CEB0047E782 /* Sources */ = {
			isa = PBXSourcesBuildPhase;
			buildActionMask = 2147483647;
			files = (
				FC8964CF20E75FF8006DDFFF /* RootViewModel.swift in Sources */,
				FC8964D120E762E6006DDFFF /* ImageDataModel.swift in Sources */,
				FC60C75720E4CD66000733AA /* NetworkHelper.swift in Sources */,
				FCC37E7E20E23CEB0047E782 /* RootViewController.swift in Sources */,
				FCC37E7C20E23CEB0047E782 /* AppDelegate.swift in Sources */,
				FC60C61E20E4B882000733AA /* ImageCell.swift in Sources */,
			);
			runOnlyForDeploymentPostprocessing = 0;
		};
		FCC37E8820E23CEC0047E782 /* Sources */ = {
			isa = PBXSourcesBuildPhase;
			buildActionMask = 2147483647;
			files = (
				FCC37E9120E23CEC0047E782 /* FlickerImageAppTests.swift in Sources */,
			);
			runOnlyForDeploymentPostprocessing = 0;
		};
/* End PBXSourcesBuildPhase section */

/* Begin PBXTargetDependency section */
		FC48022720EF4F54003BC542 /* PBXTargetDependency */ = {
			isa = PBXTargetDependency;
			target = FCC37E7720E23CEB0047E782 /* FlickerImageApp */;
			targetProxy = FC48022620EF4F54003BC542 /* PBXContainerItemProxy */;
		};
		FCC37E8E20E23CEC0047E782 /* PBXTargetDependency */ = {
			isa = PBXTargetDependency;
			target = FCC37E7720E23CEB0047E782 /* FlickerImageApp */;
			targetProxy = FCC37E8D20E23CEC0047E782 /* PBXContainerItemProxy */;
		};
/* End PBXTargetDependency section */

/* Begin PBXVariantGroup section */
		FCC37E7F20E23CEB0047E782 /* Main.storyboard */ = {
			isa = PBXVariantGroup;
			children = (
				FCC37E8020E23CEB0047E782 /* Base */,
			);
			name = Main.storyboard;
			sourceTree = "<group>";
		};
		FCC37E8420E23CEB0047E782 /* LaunchScreen.storyboard */ = {
			isa = PBXVariantGroup;
			children = (
				FCC37E8520E23CEB0047E782 /* Base */,
			);
			name = LaunchScreen.storyboard;
			sourceTree = "<group>";
		};
/* End PBXVariantGroup section */

/* Begin XCBuildConfiguration section */
		FC48022820EF4F54003BC542 /* Debug */ = {
			isa = XCBuildConfiguration;
			baseConfigurationReference = 7D9E04082E9EEDBB87F9E757 /* Pods-FlickerImageAppUITests.debug.xcconfig */;
			buildSettings = {
				CODE_SIGN_STYLE = Automatic;
				INFOPLIST_FILE = FlickerImageAppUITests/Info.plist;
				LD_RUNPATH_SEARCH_PATHS = "$(inherited) @executable_path/Frameworks @loader_path/Frameworks";
				PRODUCT_BUNDLE_IDENTIFIER = com.raweng..FlickerImageAppUITests;
				PRODUCT_NAME = "$(TARGET_NAME)";
				SWIFT_VERSION = 4.0;
				TARGETED_DEVICE_FAMILY = "1,2";
				TEST_TARGET_NAME = FlickerImageApp;
			};
			name = Debug;
		};
		FC48022920EF4F54003BC542 /* Release */ = {
			isa = XCBuildConfiguration;
			baseConfigurationReference = 4CC6DBE568465A5FFEF17843 /* Pods-FlickerImageAppUITests.release.xcconfig */;
			buildSettings = {
				CODE_SIGN_STYLE = Automatic;
				INFOPLIST_FILE = FlickerImageAppUITests/Info.plist;
				LD_RUNPATH_SEARCH_PATHS = "$(inherited) @executable_path/Frameworks @loader_path/Frameworks";
				PRODUCT_BUNDLE_IDENTIFIER = com.raweng..FlickerImageAppUITests;
				PRODUCT_NAME = "$(TARGET_NAME)";
				SWIFT_VERSION = 4.0;
				TARGETED_DEVICE_FAMILY = "1,2";
				TEST_TARGET_NAME = FlickerImageApp;
			};
			name = Release;
		};
		FCC37E9320E23CEC0047E782 /* Debug */ = {
			isa = XCBuildConfiguration;
			buildSettings = {
				ALWAYS_SEARCH_USER_PATHS = NO;
				CLANG_ANALYZER_NONNULL = YES;
				CLANG_ANALYZER_NUMBER_OBJECT_CONVERSION = YES_AGGRESSIVE;
				CLANG_CXX_LANGUAGE_STANDARD = "gnu++14";
				CLANG_CXX_LIBRARY = "libc++";
				CLANG_ENABLE_MODULES = YES;
				CLANG_ENABLE_OBJC_ARC = YES;
				CLANG_WARN_BLOCK_CAPTURE_AUTORELEASING = YES;
				CLANG_WARN_BOOL_CONVERSION = YES;
				CLANG_WARN_COMMA = YES;
				CLANG_WARN_CONSTANT_CONVERSION = YES;
				CLANG_WARN_DIRECT_OBJC_ISA_USAGE = YES_ERROR;
				CLANG_WARN_DOCUMENTATION_COMMENTS = YES;
				CLANG_WARN_EMPTY_BODY = YES;
				CLANG_WARN_ENUM_CONVERSION = YES;
				CLANG_WARN_INFINITE_RECURSION = YES;
				CLANG_WARN_INT_CONVERSION = YES;
				CLANG_WARN_NON_LITERAL_NULL_CONVERSION = YES;
				CLANG_WARN_OBJC_LITERAL_CONVERSION = YES;
				CLANG_WARN_OBJC_ROOT_CLASS = YES_ERROR;
				CLANG_WARN_RANGE_LOOP_ANALYSIS = YES;
				CLANG_WARN_STRICT_PROTOTYPES = YES;
				CLANG_WARN_SUSPICIOUS_MOVE = YES;
				CLANG_WARN_UNGUARDED_AVAILABILITY = YES_AGGRESSIVE;
				CLANG_WARN_UNREACHABLE_CODE = YES;
				CLANG_WARN__DUPLICATE_METHOD_MATCH = YES;
				CODE_SIGN_IDENTITY = "iPhone Developer";
				COPY_PHASE_STRIP = NO;
				DEBUG_INFORMATION_FORMAT = dwarf;
				ENABLE_STRICT_OBJC_MSGSEND = YES;
				ENABLE_TESTABILITY = YES;
				GCC_C_LANGUAGE_STANDARD = gnu11;
				GCC_DYNAMIC_NO_PIC = NO;
				GCC_NO_COMMON_BLOCKS = YES;
				GCC_OPTIMIZATION_LEVEL = 0;
				GCC_PREPROCESSOR_DEFINITIONS = (
					"DEBUG=1",
					"$(inherited)",
				);
				GCC_WARN_64_TO_32_BIT_CONVERSION = YES;
				GCC_WARN_ABOUT_RETURN_TYPE = YES_ERROR;
				GCC_WARN_UNDECLARED_SELECTOR = YES;
				GCC_WARN_UNINITIALIZED_AUTOS = YES_AGGRESSIVE;
				GCC_WARN_UNUSED_FUNCTION = YES;
				GCC_WARN_UNUSED_VARIABLE = YES;
				IPHONEOS_DEPLOYMENT_TARGET = 11.2;
				MTL_ENABLE_DEBUG_INFO = YES;
				ONLY_ACTIVE_ARCH = YES;
				SDKROOT = iphoneos;
				SWIFT_ACTIVE_COMPILATION_CONDITIONS = DEBUG;
				SWIFT_OPTIMIZATION_LEVEL = "-Onone";
			};
			name = Debug;
		};
		FCC37E9420E23CEC0047E782 /* Release */ = {
			isa = XCBuildConfiguration;
			buildSettings = {
				ALWAYS_SEARCH_USER_PATHS = NO;
				CLANG_ANALYZER_NONNULL = YES;
				CLANG_ANALYZER_NUMBER_OBJECT_CONVERSION = YES_AGGRESSIVE;
				CLANG_CXX_LANGUAGE_STANDARD = "gnu++14";
				CLANG_CXX_LIBRARY = "libc++";
				CLANG_ENABLE_MODULES = YES;
				CLANG_ENABLE_OBJC_ARC = YES;
				CLANG_WARN_BLOCK_CAPTURE_AUTORELEASING = YES;
				CLANG_WARN_BOOL_CONVERSION = YES;
				CLANG_WARN_COMMA = YES;
				CLANG_WARN_CONSTANT_CONVERSION = YES;
				CLANG_WARN_DIRECT_OBJC_ISA_USAGE = YES_ERROR;
				CLANG_WARN_DOCUMENTATION_COMMENTS = YES;
				CLANG_WARN_EMPTY_BODY = YES;
				CLANG_WARN_ENUM_CONVERSION = YES;
				CLANG_WARN_INFINITE_RECURSION = YES;
				CLANG_WARN_INT_CONVERSION = YES;
				CLANG_WARN_NON_LITERAL_NULL_CONVERSION = YES;
				CLANG_WARN_OBJC_LITERAL_CONVERSION = YES;
				CLANG_WARN_OBJC_ROOT_CLASS = YES_ERROR;
				CLANG_WARN_RANGE_LOOP_ANALYSIS = YES;
				CLANG_WARN_STRICT_PROTOTYPES = YES;
				CLANG_WARN_SUSPICIOUS_MOVE = YES;
				CLANG_WARN_UNGUARDED_AVAILABILITY = YES_AGGRESSIVE;
				CLANG_WARN_UNREACHABLE_CODE = YES;
				CLANG_WARN__DUPLICATE_METHOD_MATCH = YES;
				CODE_SIGN_IDENTITY = "iPhone Developer";
				COPY_PHASE_STRIP = NO;
				DEBUG_INFORMATION_FORMAT = "dwarf-with-dsym";
				ENABLE_NS_ASSERTIONS = NO;
				ENABLE_STRICT_OBJC_MSGSEND = YES;
				GCC_C_LANGUAGE_STANDARD = gnu11;
				GCC_NO_COMMON_BLOCKS = YES;
				GCC_WARN_64_TO_32_BIT_CONVERSION = YES;
				GCC_WARN_ABOUT_RETURN_TYPE = YES_ERROR;
				GCC_WARN_UNDECLARED_SELECTOR = YES;
				GCC_WARN_UNINITIALIZED_AUTOS = YES_AGGRESSIVE;
				GCC_WARN_UNUSED_FUNCTION = YES;
				GCC_WARN_UNUSED_VARIABLE = YES;
				IPHONEOS_DEPLOYMENT_TARGET = 11.2;
				MTL_ENABLE_DEBUG_INFO = NO;
				SDKROOT = iphoneos;
				SWIFT_OPTIMIZATION_LEVEL = "-Owholemodule";
				VALIDATE_PRODUCT = YES;
			};
			name = Release;
		};
		FCC37E9620E23CEC0047E782 /* Debug */ = {
			isa = XCBuildConfiguration;
			baseConfigurationReference = D7384471B9D69CE0E22E3C7F /* Pods-FlickerImageApp.debug.xcconfig */;
			buildSettings = {
				ASSETCATALOG_COMPILER_APPICON_NAME = AppIcon;
				CODE_SIGN_STYLE = Automatic;
				INFOPLIST_FILE = FlickerImageApp/Info.plist;
				LD_RUNPATH_SEARCH_PATHS = "$(inherited) @executable_path/Frameworks";
				PRODUCT_BUNDLE_IDENTIFIER = com.rahul.FlickerImageApp;
				PRODUCT_NAME = "$(TARGET_NAME)";
				SWIFT_VERSION = 4.0;
				TARGETED_DEVICE_FAMILY = "1,2";
			};
			name = Debug;
		};
		FCC37E9720E23CEC0047E782 /* Release */ = {
			isa = XCBuildConfiguration;
			baseConfigurationReference = 1EE372EBBAE687D0781B8DE1 /* Pods-FlickerImageApp.release.xcconfig */;
			buildSettings = {
				ASSETCATALOG_COMPILER_APPICON_NAME = AppIcon;
				CODE_SIGN_STYLE = Automatic;
				INFOPLIST_FILE = FlickerImageApp/Info.plist;
				LD_RUNPATH_SEARCH_PATHS = "$(inherited) @executable_path/Frameworks";
				PRODUCT_BUNDLE_IDENTIFIER = com.rahul.FlickerImageApp;
				PRODUCT_NAME = "$(TARGET_NAME)";
				SWIFT_VERSION = 4.0;
				TARGETED_DEVICE_FAMILY = "1,2";
			};
			name = Release;
		};
		FCC37E9920E23CEC0047E782 /* Debug */ = {
			isa = XCBuildConfiguration;
			baseConfigurationReference = A7909E632A34BDC6B0E5D407 /* Pods-FlickerImageAppTests.debug.xcconfig */;
			buildSettings = {
				ALWAYS_EMBED_SWIFT_STANDARD_LIBRARIES = YES;
				BUNDLE_LOADER = "$(TEST_HOST)";
				CODE_SIGN_STYLE = Automatic;
				INFOPLIST_FILE = FlickerImageAppTests/Info.plist;
				LD_RUNPATH_SEARCH_PATHS = "$(inherited) @executable_path/Frameworks @loader_path/Frameworks";
				PRODUCT_BUNDLE_IDENTIFIER = com.rahul..FlickerImageAppTests;
				PRODUCT_NAME = "$(TARGET_NAME)";
				SWIFT_VERSION = 4.0;
				TARGETED_DEVICE_FAMILY = "1,2";
				TEST_HOST = "$(BUILT_PRODUCTS_DIR)/FlickerImageApp.app/FlickerImageApp";
			};
			name = Debug;
		};
		FCC37E9A20E23CEC0047E782 /* Release */ = {
			isa = XCBuildConfiguration;
			baseConfigurationReference = BF3D96EDFC522D96B3A5118B /* Pods-FlickerImageAppTests.release.xcconfig */;
			buildSettings = {
				ALWAYS_EMBED_SWIFT_STANDARD_LIBRARIES = YES;
				BUNDLE_LOADER = "$(TEST_HOST)";
				CODE_SIGN_STYLE = Automatic;
				INFOPLIST_FILE = FlickerImageAppTests/Info.plist;
				LD_RUNPATH_SEARCH_PATHS = "$(inherited) @executable_path/Frameworks @loader_path/Frameworks";
				PRODUCT_BUNDLE_IDENTIFIER = com.rahul..FlickerImageAppTests;
				PRODUCT_NAME = "$(TARGET_NAME)";
				SWIFT_VERSION = 4.0;
				TARGETED_DEVICE_FAMILY = "1,2";
				TEST_HOST = "$(BUILT_PRODUCTS_DIR)/FlickerImageApp.app/FlickerImageApp";
			};
			name = Release;
		};
/* End XCBuildConfiguration section */

/* Begin XCConfigurationList section */
		FC48022A20EF4F54003BC542 /* Build configuration list for PBXNativeTarget "FlickerImageAppUITests" */ = {
			isa = XCConfigurationList;
			buildConfigurations = (
				FC48022820EF4F54003BC542 /* Debug */,
				FC48022920EF4F54003BC542 /* Release */,
			);
			defaultConfigurationIsVisible = 0;
			defaultConfigurationName = Release;
		};
		FCC37E7320E23CEB0047E782 /* Build configuration list for PBXProject "FlickerImageApp" */ = {
			isa = XCConfigurationList;
			buildConfigurations = (
				FCC37E9320E23CEC0047E782 /* Debug */,
				FCC37E9420E23CEC0047E782 /* Release */,
			);
			defaultConfigurationIsVisible = 0;
			defaultConfigurationName = Release;
		};
		FCC37E9520E23CEC0047E782 /* Build configuration list for PBXNativeTarget "FlickerImageApp" */ = {
			isa = XCConfigurationList;
			buildConfigurations = (
				FCC37E9620E23CEC0047E782 /* Debug */,
				FCC37E9720E23CEC0047E782 /* Release */,
			);
			defaultConfigurationIsVisible = 0;
			defaultConfigurationName = Release;
		};
		FCC37E9820E23CEC0047E782 /* Build configuration list for PBXNativeTarget "FlickerImageAppTests" */ = {
			isa = XCConfigurationList;
			buildConfigurations = (
				FCC37E9920E23CEC0047E782 /* Debug */,
				FCC37E9A20E23CEC0047E782 /* Release */,
			);
			defaultConfigurationIsVisible = 0;
			defaultConfigurationName = Release;
		};
/* End XCConfigurationList section */
	};
	rootObject = FCC37E7020E23CEB0047E782 /* Project object */;
}
